<?xml version="1.0" encoding="utf-8"?>
<Project ToolsVersion="4.0" xmlns="http://schemas.microsoft.com/developer/msbuild/2003">
  <ItemGroup>
    <Filter Include="ソース ファイル">
      <UniqueIdentifier>{4FC737F1-C7A5-4376-A066-2A32D752A2FF}</UniqueIdentifier>
      <Extensions>cpp;c;cc;cxx;c++;cppm;ixx;def;odl;idl;hpj;bat;asm;asmx</Extensions>
    </Filter>
    <Filter Include="ヘッダー ファイル">
      <UniqueIdentifier>{93995380-89BD-4b04-88EB-625FBE52EBFB}</UniqueIdentifier>
      <Extensions>h;hh;hpp;hxx;h++;hm;inl;inc;ipp;xsd</Extensions>
    </Filter>
    <Filter Include="リソース ファイル">
      <UniqueIdentifier>{67DA6AB6-F800-4c08-8B7A-83BB121AAD01}</UniqueIdentifier>
      <Extensions>rc;ico;cur;bmp;dlg;rc2;rct;bin;rgs;gif;jpg;jpeg;jpe;resx;tiff;tif;png;wav;mfcribbon-ms</Extensions>
    </Filter>
    <Filter Include="souma">
      <UniqueIdentifier>{1c8cf538-7cbc-45fb-90b0-71d89fb5b37b}</UniqueIdentifier>
    </Filter>
    <Filter Include="stage">
      <UniqueIdentifier>{a1edd2e0-0d6e-45aa-8a8e-4fbbb781c06c}</UniqueIdentifier>
    </Filter>
    <Filter Include="obstacle">
      <UniqueIdentifier>{6ddc957f-421a-4714-9345-5f4744d5c1e8}</UniqueIdentifier>
    </Filter>
    <Filter Include="mode">
      <UniqueIdentifier>{6febe928-b976-4e16-8940-f5c5d71c069f}</UniqueIdentifier>
    </Filter>
    <Filter Include="direction">
      <UniqueIdentifier>{dc67f9c9-be97-467f-9259-eddbb5154d18}</UniqueIdentifier>
    </Filter>
    <Filter Include="mode\result">
      <UniqueIdentifier>{49afda24-7438-492d-939a-3e43c387dbbd}</UniqueIdentifier>
    </Filter>
    <Filter Include="mode\ranking">
      <UniqueIdentifier>{e45e6086-fa16-4b5c-ad41-513380b95413}</UniqueIdentifier>
    </Filter>
  </ItemGroup>
  <ItemGroup>
    <ClCompile Include="code\billboard.cpp">
      <Filter>ソース ファイル</Filter>
    </ClCompile>
    <ClCompile Include="code\camera.cpp">
      <Filter>ソース ファイル</Filter>
    </ClCompile>
    <ClCompile Include="code\character.cpp">
      <Filter>ソース ファイル</Filter>
    </ClCompile>
    <ClCompile Include="code\debugproc.cpp">
      <Filter>ソース ファイル</Filter>
    </ClCompile>
    <ClCompile Include="code\effect.cpp">
      <Filter>ソース ファイル</Filter>
    </ClCompile>
    <ClCompile Include="code\fade.cpp">
      <Filter>ソース ファイル</Filter>
    </ClCompile>
    <ClCompile Include="code\field.cpp">
      <Filter>ソース ファイル</Filter>
    </ClCompile>
    <ClCompile Include="code\gauge.cpp">
      <Filter>ソース ファイル</Filter>
    </ClCompile>
    <ClCompile Include="code\idxmeshfield.cpp">
      <Filter>ソース ファイル</Filter>
    </ClCompile>
    <ClCompile Include="code\input.cpp">
      <Filter>ソース ファイル</Filter>
    </ClCompile>
    <ClCompile Include="code\light.cpp">
      <Filter>ソース ファイル</Filter>
    </ClCompile>
    <ClCompile Include="code\main.cpp">
      <Filter>ソース ファイル</Filter>
    </ClCompile>
    <ClCompile Include="code\manager.cpp">
      <Filter>ソース ファイル</Filter>
    </ClCompile>
    <ClCompile Include="code\mapobject.cpp">
      <Filter>ソース ファイル</Filter>
    </ClCompile>
    <ClCompile Include="code\model.cpp">
      <Filter>ソース ファイル</Filter>
    </ClCompile>
    <ClCompile Include="code\motion.cpp">
      <Filter>ソース ファイル</Filter>
    </ClCompile>
    <ClCompile Include="code\object.cpp">
      <Filter>ソース ファイル</Filter>
    </ClCompile>
    <ClCompile Include="code\object2D.cpp">
      <Filter>ソース ファイル</Filter>
    </ClCompile>
    <ClCompile Include="code\object3D.cpp">
      <Filter>ソース ファイル</Filter>
    </ClCompile>
    <ClCompile Include="code\objectX.cpp">
      <Filter>ソース ファイル</Filter>
    </ClCompile>
    <ClCompile Include="code\particle.cpp">
      <Filter>ソース ファイル</Filter>
    </ClCompile>
    <ClCompile Include="code\player.cpp">
      <Filter>ソース ファイル</Filter>
    </ClCompile>
    <ClCompile Include="code\precompile.cpp">
      <Filter>ソース ファイル</Filter>
    </ClCompile>
    <ClCompile Include="code\renderer.cpp">
      <Filter>ソース ファイル</Filter>
    </ClCompile>
    <ClCompile Include="code\sound.cpp">
      <Filter>ソース ファイル</Filter>
    </ClCompile>
    <ClCompile Include="code\texture.cpp">
      <Filter>ソース ファイル</Filter>
    </ClCompile>
    <ClCompile Include="code\useful.cpp">
      <Filter>ソース ファイル</Filter>
    </ClCompile>
    <ClCompile Include="code\wall.cpp">
      <Filter>ソース ファイル</Filter>
    </ClCompile>
    <ClCompile Include="code\mylib.cpp">
      <Filter>souma</Filter>
    </ClCompile>
    <ClCompile Include="code\listmanager.cpp">
      <Filter>souma</Filter>
    </ClCompile>
    <ClCompile Include="code\stageobj.cpp">
      <Filter>stage</Filter>
    </ClCompile>
    <ClCompile Include="code\obstacle.cpp">
      <Filter>obstacle</Filter>
    </ClCompile>
    <ClCompile Include="code\obstacleHole.cpp">
      <Filter>obstacle</Filter>
    </ClCompile>
    <ClCompile Include="code\obstacleRiver.cpp">
      <Filter>obstacle</Filter>
    </ClCompile>
    <ClCompile Include="code\obstacleStone.cpp">
      <Filter>obstacle</Filter>
    </ClCompile>
    <ClCompile Include="code\obstacleTree.cpp">
      <Filter>obstacle</Filter>
    </ClCompile>
    <ClCompile Include="code\game.cpp">
      <Filter>mode</Filter>
    </ClCompile>
    <ClCompile Include="code\title.cpp">
      <Filter>mode</Filter>
    </ClCompile>
    <ClCompile Include="code\tutorial.cpp">
      <Filter>mode</Filter>
    </ClCompile>
    <ClCompile Include="code\obstacleSoftRock.cpp">
      <Filter>obstacle</Filter>
    </ClCompile>
    <ClCompile Include="code\reverse.cpp">
      <Filter>stage</Filter>
    </ClCompile>
    <ClCompile Include="code\number.cpp">
      <Filter>ソース ファイル</Filter>
    </ClCompile>
    <ClCompile Include="code\timer.cpp">
      <Filter>ソース ファイル</Filter>
    </ClCompile>
    <ClCompile Include="code\reverse_direction.cpp">
      <Filter>direction</Filter>
    </ClCompile>
    <ClCompile Include="code\stagemanager.cpp">
      <Filter>stage</Filter>
    </ClCompile>
    <ClCompile Include="code\stageEdittor.cpp">
      <Filter>stage</Filter>
    </ClCompile>
    <ClCompile Include="code\resultscore.cpp">
      <Filter>mode\result</Filter>
    </ClCompile>
    <ClCompile Include="code\result.cpp">
      <Filter>mode\result</Filter>
    </ClCompile>
    <ClCompile Include="code\ranking.cpp">
      <Filter>mode\ranking</Filter>
    </ClCompile>
    <ClCompile Include="code\Xload.cpp">
      <Filter>ソース ファイル</Filter>
    </ClCompile>
    <ClCompile Include="code\sky.cpp">
      <Filter>ソース ファイル</Filter>
    </ClCompile>
    <ClCompile Include="code\goal.cpp">
      <Filter>stage</Filter>
    </ClCompile>
  </ItemGroup>
  <ItemGroup>
    <ClInclude Include="code\billboard.h">
      <Filter>ソース ファイル</Filter>
    </ClInclude>
    <ClInclude Include="code\camera.h">
      <Filter>ソース ファイル</Filter>
    </ClInclude>
    <ClInclude Include="code\character.h">
      <Filter>ソース ファイル</Filter>
    </ClInclude>
    <ClInclude Include="code\debugproc.h">
      <Filter>ソース ファイル</Filter>
    </ClInclude>
    <ClInclude Include="code\effect.h">
      <Filter>ソース ファイル</Filter>
    </ClInclude>
    <ClInclude Include="code\fade.h">
      <Filter>ソース ファイル</Filter>
    </ClInclude>
    <ClInclude Include="code\field.h">
      <Filter>ソース ファイル</Filter>
    </ClInclude>
    <ClInclude Include="code\gauge.h">
      <Filter>ソース ファイル</Filter>
    </ClInclude>
    <ClInclude Include="code\idxmeshfield.h">
      <Filter>ソース ファイル</Filter>
    </ClInclude>
    <ClInclude Include="code\input.h">
      <Filter>ソース ファイル</Filter>
    </ClInclude>
    <ClInclude Include="code\light.h">
      <Filter>ソース ファイル</Filter>
    </ClInclude>
    <ClInclude Include="code\main.h">
      <Filter>ソース ファイル</Filter>
    </ClInclude>
    <ClInclude Include="code\manager.h">
      <Filter>ソース ファイル</Filter>
    </ClInclude>
    <ClInclude Include="code\mapobject.h">
      <Filter>ソース ファイル</Filter>
    </ClInclude>
    <ClInclude Include="code\model.h">
      <Filter>ソース ファイル</Filter>
    </ClInclude>
    <ClInclude Include="code\motion.h">
      <Filter>ソース ファイル</Filter>
    </ClInclude>
    <ClInclude Include="code\object.h">
      <Filter>ソース ファイル</Filter>
    </ClInclude>
    <ClInclude Include="code\object2D.h">
      <Filter>ソース ファイル</Filter>
    </ClInclude>
    <ClInclude Include="code\object3D.h">
      <Filter>ソース ファイル</Filter>
    </ClInclude>
    <ClInclude Include="code\objectX.h">
      <Filter>ソース ファイル</Filter>
    </ClInclude>
    <ClInclude Include="code\particle.h">
      <Filter>ソース ファイル</Filter>
    </ClInclude>
    <ClInclude Include="code\player.h">
      <Filter>ソース ファイル</Filter>
    </ClInclude>
    <ClInclude Include="code\precompile.h">
      <Filter>ソース ファイル</Filter>
    </ClInclude>
    <ClInclude Include="code\renderer.h">
      <Filter>ソース ファイル</Filter>
    </ClInclude>
    <ClInclude Include="code\sound.h">
      <Filter>ソース ファイル</Filter>
    </ClInclude>
    <ClInclude Include="code\texture.h">
      <Filter>ソース ファイル</Filter>
    </ClInclude>
    <ClInclude Include="code\useful.h">
      <Filter>ソース ファイル</Filter>
    </ClInclude>
    <ClInclude Include="code\wall.h">
      <Filter>ソース ファイル</Filter>
    </ClInclude>
    <ClInclude Include="code\mylib.h">
      <Filter>souma</Filter>
    </ClInclude>
    <ClInclude Include="code\calculation.h">
      <Filter>souma</Filter>
    </ClInclude>
    <ClInclude Include="code\listmanager.h">
      <Filter>souma</Filter>
    </ClInclude>
    <ClInclude Include="code\stageobj.h">
      <Filter>stage</Filter>
    </ClInclude>
    <ClInclude Include="code\obstacle.h">
      <Filter>obstacle</Filter>
    </ClInclude>
    <ClInclude Include="code\obstacleHole.h">
      <Filter>obstacle</Filter>
    </ClInclude>
    <ClInclude Include="code\obstacleRiver.h">
      <Filter>obstacle</Filter>
    </ClInclude>
    <ClInclude Include="code\obstacleStone.h">
      <Filter>obstacle</Filter>
    </ClInclude>
    <ClInclude Include="code\obstacleTree.h">
      <Filter>obstacle</Filter>
    </ClInclude>
    <ClInclude Include="code\game.h">
      <Filter>mode</Filter>
    </ClInclude>
    <ClInclude Include="code\title.h">
      <Filter>mode</Filter>
    </ClInclude>
    <ClInclude Include="code\tutorial.h">
      <Filter>mode</Filter>
    </ClInclude>
    <ClInclude Include="code\obstacleSoftRock.h">
      <Filter>obstacle</Filter>
    </ClInclude>
    <ClInclude Include="code\reverse.h">
      <Filter>stage</Filter>
    </ClInclude>
    <ClInclude Include="code\number.h">
      <Filter>ソース ファイル</Filter>
    </ClInclude>
    <ClInclude Include="code\timer.h">
      <Filter>ソース ファイル</Filter>
    </ClInclude>
    <ClInclude Include="code\reverse_direction.h">
      <Filter>direction</Filter>
    </ClInclude>
    <ClInclude Include="code\stagemanager.h">
      <Filter>stage</Filter>
    </ClInclude>
    <ClInclude Include="code\stageEdittor.h">
      <Filter>stage</Filter>
    </ClInclude>
    <ClInclude Include="code\resultscore.h">
      <Filter>mode\result</Filter>
    </ClInclude>
    <ClInclude Include="code\result.h">
      <Filter>mode\result</Filter>
    </ClInclude>
    <ClInclude Include="code\ranking.h">
      <Filter>mode\ranking</Filter>
    </ClInclude>
    <ClInclude Include="code\Xload.h">
      <Filter>ソース ファイル</Filter>
    </ClInclude>
    <ClInclude Include="code\sky.h">
      <Filter>ソース ファイル</Filter>
    </ClInclude>
    <ClInclude Include="code\goal.h">
      <Filter>stage</Filter>
    </ClInclude>
  </ItemGroup>
</Project>